// !$*UTF8*$!
{
	archiveVersion = 1;
	classes = {
	};
	objectVersion = 46;
	objects = {

/* Begin PBXBuildFile section */
		860B0C9E1C9CD61000ED63B7 /* BatteryView.swift in Sources */ = {isa = PBXBuildFile; fileRef = 860B0C9D1C9CD61000ED63B7 /* BatteryView.swift */; };
		860B0CA21C9DD22E00ED63B7 /* NotifierMenu.swift in Sources */ = {isa = PBXBuildFile; fileRef = 860B0CA11C9DD22E00ED63B7 /* NotifierMenu.swift */; };
		8611A5C3235444FA00D956C6 /* NSStoryboard.swift in Sources */ = {isa = PBXBuildFile; fileRef = 8611A5C2235444FA00D956C6 /* NSStoryboard.swift */; };
		8611A5C72354462300D956C6 /* MainStoryboard.swift in Sources */ = {isa = PBXBuildFile; fileRef = 8611A5C62354462300D956C6 /* MainStoryboard.swift */; };
		8611A5C82354480D00D956C6 /* MainStoryboard.swift in Sources */ = {isa = PBXBuildFile; fileRef = 8611A5C62354462300D956C6 /* MainStoryboard.swift */; };
		8611A5C92354487800D956C6 /* NSStoryboard.swift in Sources */ = {isa = PBXBuildFile; fileRef = 8611A5C2235444FA00D956C6 /* NSStoryboard.swift */; };
		8619923C1CA5F3E200181DF7 /* BatteryView.swift in Sources */ = {isa = PBXBuildFile; fileRef = 860B0C9D1C9CD61000ED63B7 /* BatteryView.swift */; };
		8619923D1CA5F3E900181DF7 /* BatteryViewController.swift in Sources */ = {isa = PBXBuildFile; fileRef = 86FB9C0B1C9C83A4000330CD /* BatteryViewController.swift */; };
		861992401CA5F40F00181DF7 /* Device.swift in Sources */ = {isa = PBXBuildFile; fileRef = 8619923F1CA5F40F00181DF7 /* Device.swift */; };
		861992411CA5F44000181DF7 /* Device.swift in Sources */ = {isa = PBXBuildFile; fileRef = 8619923F1CA5F40F00181DF7 /* Device.swift */; };
		861992421CA5FA6B00181DF7 /* SDMMobileDevice.framework in Frameworks */ = {isa = PBXBuildFile; fileRef = 86BB7DE01CA1D3B200EA3503 /* SDMMobileDevice.framework */; };
		861992441CA6001700181DF7 /* Main.storyboard in Resources */ = {isa = PBXBuildFile; fileRef = 868E5EAB1C98E19D001A68E6 /* Main.storyboard */; };
		864A09B91CA50D2900656F28 /* NotificationCenter.framework in Frameworks */ = {isa = PBXBuildFile; fileRef = 864A09B81CA50D2900656F28 /* NotificationCenter.framework */; };
		864A09BE1CA50D2900656F28 /* TodayViewController.swift in Sources */ = {isa = PBXBuildFile; fileRef = 864A09BD1CA50D2900656F28 /* TodayViewController.swift */; };
		864A09C01CA50D2900656F28 /* ListRowViewController.swift in Sources */ = {isa = PBXBuildFile; fileRef = 864A09BF1CA50D2900656F28 /* ListRowViewController.swift */; };
		864A09C31CA50D2900656F28 /* TodayViewController.xib in Resources */ = {isa = PBXBuildFile; fileRef = 864A09C11CA50D2900656F28 /* TodayViewController.xib */; };
		864A09C61CA50D2900656F28 /* ListRowViewController.xib in Resources */ = {isa = PBXBuildFile; fileRef = 864A09C41CA50D2900656F28 /* ListRowViewController.xib */; };
		864A09CA1CA50D2900656F28 /* InfoPlist.strings in Resources */ = {isa = PBXBuildFile; fileRef = 864A09C81CA50D2900656F28 /* InfoPlist.strings */; };
		864A09CD1CA50D2900656F28 /* BatteryNotifier Widget.appex in Embed App Extensions */ = {isa = PBXBuildFile; fileRef = 864A09B71CA50D2900656F28 /* BatteryNotifier Widget.appex */; settings = {ATTRIBUTES = (RemoveHeadersOnCopy, ); }; };
		86549D671CA274BE00B7D5ED /* PreferencesController.swift in Sources */ = {isa = PBXBuildFile; fileRef = 86549D661CA274BE00B7D5ED /* PreferencesController.swift */; };
		8663680F2353FE7C00E3D59A /* Notification.swift in Sources */ = {isa = PBXBuildFile; fileRef = 8663680E2353FE7C00E3D59A /* Notification.swift */; };
		866368102354000700E3D59A /* Notification.swift in Sources */ = {isa = PBXBuildFile; fileRef = 8663680E2353FE7C00E3D59A /* Notification.swift */; };
		868E5EA61C98E19D001A68E6 /* AppDelegate.swift in Sources */ = {isa = PBXBuildFile; fileRef = 868E5EA51C98E19D001A68E6 /* AppDelegate.swift */; };
		868E5EAA1C98E19D001A68E6 /* Assets.xcassets in Resources */ = {isa = PBXBuildFile; fileRef = 868E5EA91C98E19D001A68E6 /* Assets.xcassets */; };
		868E5EAD1C98E19D001A68E6 /* Main.storyboard in Resources */ = {isa = PBXBuildFile; fileRef = 868E5EAB1C98E19D001A68E6 /* Main.storyboard */; };
		868E5EBE1C98E721001A68E6 /* StatusItemController.swift in Sources */ = {isa = PBXBuildFile; fileRef = 868E5EBD1C98E721001A68E6 /* StatusItemController.swift */; };
		868E5EE41C9B2150001A68E6 /* DeviceManager.swift in Sources */ = {isa = PBXBuildFile; fileRef = 868E5EE31C9B2150001A68E6 /* DeviceManager.swift */; };
		869200B91CA74569000F2E5E /* Assets.xcassets in Resources */ = {isa = PBXBuildFile; fileRef = 868E5EA91C98E19D001A68E6 /* Assets.xcassets */; };
		86BB7DE11CA1D3B200EA3503 /* SDMMobileDevice.framework in Frameworks */ = {isa = PBXBuildFile; fileRef = 86BB7DE01CA1D3B200EA3503 /* SDMMobileDevice.framework */; };
		86BB7DE31CA1D3E800EA3503 /* SDMMobileDevice.framework in CopyFiles */ = {isa = PBXBuildFile; fileRef = 86BB7DE01CA1D3B200EA3503 /* SDMMobileDevice.framework */; settings = {ATTRIBUTES = (CodeSignOnCopy, RemoveHeadersOnCopy, ); }; };
		86BB7DE51CA1E18100EA3503 /* DeviceMenuItem.swift in Sources */ = {isa = PBXBuildFile; fileRef = 86BB7DE41CA1E18100EA3503 /* DeviceMenuItem.swift */; };
		86BB7DEA1CA2124400EA3503 /* DarwinNotificationsManager.m in Sources */ = {isa = PBXBuildFile; fileRef = 86BB7DE91CA2124400EA3503 /* DarwinNotificationsManager.m */; };
		86FB9C0C1C9C83A4000330CD /* BatteryViewController.swift in Sources */ = {isa = PBXBuildFile; fileRef = 86FB9C0B1C9C83A4000330CD /* BatteryViewController.swift */; };
/* End PBXBuildFile section */

/* Begin PBXContainerItemProxy section */
		864A09CB1CA50D2900656F28 /* PBXContainerItemProxy */ = {
			isa = PBXContainerItemProxy;
			containerPortal = 868E5E9A1C98E19D001A68E6 /* Project object */;
			proxyType = 1;
			remoteGlobalIDString = 864A09B61CA50D2900656F28;
			remoteInfo = "BatteryNotifier Widget";
		};
/* End PBXContainerItemProxy section */

/* Begin PBXCopyFilesBuildPhase section */
		864A09D11CA50D2900656F28 /* Embed App Extensions */ = {
			isa = PBXCopyFilesBuildPhase;
			buildActionMask = 2147483647;
			dstPath = "";
			dstSubfolderSpec = 13;
			files = (
				864A09CD1CA50D2900656F28 /* BatteryNotifier Widget.appex in Embed App Extensions */,
			);
			name = "Embed App Extensions";
			runOnlyForDeploymentPostprocessing = 0;
		};
		86BB7DE21CA1D3E000EA3503 /* CopyFiles */ = {
			isa = PBXCopyFilesBuildPhase;
			buildActionMask = 2147483647;
			dstPath = "";
			dstSubfolderSpec = 10;
			files = (
				86BB7DE31CA1D3E800EA3503 /* SDMMobileDevice.framework in CopyFiles */,
			);
			runOnlyForDeploymentPostprocessing = 0;
		};
/* End PBXCopyFilesBuildPhase section */

/* Begin PBXFileReference section */
		860B0C9D1C9CD61000ED63B7 /* BatteryView.swift */ = {isa = PBXFileReference; fileEncoding = 4; lastKnownFileType = sourcecode.swift; path = BatteryView.swift; sourceTree = "<group>"; };
		860B0CA11C9DD22E00ED63B7 /* NotifierMenu.swift */ = {isa = PBXFileReference; fileEncoding = 4; lastKnownFileType = sourcecode.swift; path = NotifierMenu.swift; sourceTree = "<group>"; };
		8611A5C2235444FA00D956C6 /* NSStoryboard.swift */ = {isa = PBXFileReference; lastKnownFileType = sourcecode.swift; path = NSStoryboard.swift; sourceTree = "<group>"; };
		8611A5C62354462300D956C6 /* MainStoryboard.swift */ = {isa = PBXFileReference; lastKnownFileType = sourcecode.swift; path = MainStoryboard.swift; sourceTree = "<group>"; };
		8619923F1CA5F40F00181DF7 /* Device.swift */ = {isa = PBXFileReference; fileEncoding = 4; lastKnownFileType = sourcecode.swift; path = Device.swift; sourceTree = "<group>"; };
		864A09B71CA50D2900656F28 /* BatteryNotifier Widget.appex */ = {isa = PBXFileReference; explicitFileType = "wrapper.app-extension"; includeInIndex = 0; path = "BatteryNotifier Widget.appex"; sourceTree = BUILT_PRODUCTS_DIR; };
		864A09B81CA50D2900656F28 /* NotificationCenter.framework */ = {isa = PBXFileReference; lastKnownFileType = wrapper.framework; name = NotificationCenter.framework; path = System/Library/Frameworks/NotificationCenter.framework; sourceTree = SDKROOT; };
		864A09BC1CA50D2900656F28 /* BatteryNotifier_Widget.entitlements */ = {isa = PBXFileReference; lastKnownFileType = text.xml; path = BatteryNotifier_Widget.entitlements; sourceTree = "<group>"; };
		864A09BD1CA50D2900656F28 /* TodayViewController.swift */ = {isa = PBXFileReference; lastKnownFileType = sourcecode.swift; path = TodayViewController.swift; sourceTree = "<group>"; };
		864A09BF1CA50D2900656F28 /* ListRowViewController.swift */ = {isa = PBXFileReference; lastKnownFileType = sourcecode.swift; path = ListRowViewController.swift; sourceTree = "<group>"; };
		864A09C21CA50D2900656F28 /* Base */ = {isa = PBXFileReference; lastKnownFileType = file.xib; name = Base; path = Base.lproj/TodayViewController.xib; sourceTree = "<group>"; };
		864A09C51CA50D2900656F28 /* Base */ = {isa = PBXFileReference; lastKnownFileType = file.xib; name = Base; path = Base.lproj/ListRowViewController.xib; sourceTree = "<group>"; };
		864A09C71CA50D2900656F28 /* Info.plist */ = {isa = PBXFileReference; lastKnownFileType = text.plist.xml; path = Info.plist; sourceTree = "<group>"; };
		864A09C91CA50D2900656F28 /* en */ = {isa = PBXFileReference; lastKnownFileType = text.plist.strings; name = en; path = en.lproj/InfoPlist.strings; sourceTree = "<group>"; };
		864A09D21CA52C7600656F28 /* BatteryNotifier.entitlements */ = {isa = PBXFileReference; lastKnownFileType = text.xml; name = BatteryNotifier.entitlements; path = ../BatteryNotifier.entitlements; sourceTree = "<group>"; };
		86549D661CA274BE00B7D5ED /* PreferencesController.swift */ = {isa = PBXFileReference; fileEncoding = 4; lastKnownFileType = sourcecode.swift; path = PreferencesController.swift; sourceTree = "<group>"; };
		8663680E2353FE7C00E3D59A /* Notification.swift */ = {isa = PBXFileReference; lastKnownFileType = sourcecode.swift; path = Notification.swift; sourceTree = "<group>"; };
		868E5EA21C98E19D001A68E6 /* BatteryNotifier.app */ = {isa = PBXFileReference; explicitFileType = wrapper.application; includeInIndex = 0; path = BatteryNotifier.app; sourceTree = BUILT_PRODUCTS_DIR; };
		868E5EA51C98E19D001A68E6 /* AppDelegate.swift */ = {isa = PBXFileReference; lastKnownFileType = sourcecode.swift; path = AppDelegate.swift; sourceTree = "<group>"; };
		868E5EA91C98E19D001A68E6 /* Assets.xcassets */ = {isa = PBXFileReference; lastKnownFileType = folder.assetcatalog; name = Assets.xcassets; path = "iOS Battery Notifier/Assets.xcassets"; sourceTree = "<group>"; };
		868E5EAC1C98E19D001A68E6 /* Base */ = {isa = PBXFileReference; lastKnownFileType = file.storyboard; name = Base; path = Base.lproj/Main.storyboard; sourceTree = "<group>"; };
		868E5EAE1C98E19D001A68E6 /* Info.plist */ = {isa = PBXFileReference; lastKnownFileType = text.plist.xml; path = Info.plist; sourceTree = "<group>"; };
		868E5EBD1C98E721001A68E6 /* StatusItemController.swift */ = {isa = PBXFileReference; fileEncoding = 4; lastKnownFileType = sourcecode.swift; path = StatusItemController.swift; sourceTree = "<group>"; };
		868E5EE31C9B2150001A68E6 /* DeviceManager.swift */ = {isa = PBXFileReference; fileEncoding = 4; lastKnownFileType = sourcecode.swift; path = DeviceManager.swift; sourceTree = "<group>"; };
		86BB7DE01CA1D3B200EA3503 /* SDMMobileDevice.framework */ = {isa = PBXFileReference; lastKnownFileType = wrapper.framework; path = SDMMobileDevice.framework; sourceTree = "<group>"; };
		86BB7DE41CA1E18100EA3503 /* DeviceMenuItem.swift */ = {isa = PBXFileReference; fileEncoding = 4; lastKnownFileType = sourcecode.swift; path = DeviceMenuItem.swift; sourceTree = "<group>"; };
		86BB7DE71CA2124400EA3503 /* iOS Battery Notifier-Bridging-Header.h */ = {isa = PBXFileReference; lastKnownFileType = sourcecode.c.h; path = "iOS Battery Notifier-Bridging-Header.h"; sourceTree = "<group>"; };
		86BB7DE81CA2124400EA3503 /* DarwinNotificationsManager.h */ = {isa = PBXFileReference; fileEncoding = 4; lastKnownFileType = sourcecode.c.h; path = DarwinNotificationsManager.h; sourceTree = "<group>"; };
		86BB7DE91CA2124400EA3503 /* DarwinNotificationsManager.m */ = {isa = PBXFileReference; fileEncoding = 4; lastKnownFileType = sourcecode.c.objc; path = DarwinNotificationsManager.m; sourceTree = "<group>"; };
		86FB9C0B1C9C83A4000330CD /* BatteryViewController.swift */ = {isa = PBXFileReference; fileEncoding = 4; lastKnownFileType = sourcecode.swift; path = BatteryViewController.swift; sourceTree = "<group>"; };
/* End PBXFileReference section */

/* Begin PBXFrameworksBuildPhase section */
		864A09B41CA50D2900656F28 /* Frameworks */ = {
			isa = PBXFrameworksBuildPhase;
			buildActionMask = 2147483647;
			files = (
				864A09B91CA50D2900656F28 /* NotificationCenter.framework in Frameworks */,
				861992421CA5FA6B00181DF7 /* SDMMobileDevice.framework in Frameworks */,
			);
			runOnlyForDeploymentPostprocessing = 0;
		};
		868E5E9F1C98E19D001A68E6 /* Frameworks */ = {
			isa = PBXFrameworksBuildPhase;
			buildActionMask = 2147483647;
			files = (
				86BB7DE11CA1D3B200EA3503 /* SDMMobileDevice.framework in Frameworks */,
			);
			runOnlyForDeploymentPostprocessing = 0;
		};
/* End PBXFrameworksBuildPhase section */

/* Begin PBXGroup section */
		8611A5C42354450700D956C6 /* Cocoa */ = {
			isa = PBXGroup;
			children = (
				8611A5C2235444FA00D956C6 /* NSStoryboard.swift */,
			);
			path = Cocoa;
			sourceTree = "<group>";
		};
		8611A5C52354460E00D956C6 /* Storyboard */ = {
			isa = PBXGroup;
			children = (
				8611A5C62354462300D956C6 /* MainStoryboard.swift */,
			);
			path = Storyboard;
			sourceTree = "<group>";
		};
		8611A5CA235448B600D956C6 /* Foundation */ = {
			isa = PBXGroup;
			children = (
				8663680E2353FE7C00E3D59A /* Notification.swift */,
			);
			path = Foundation;
			sourceTree = "<group>";
		};
		8619923E1CA5F3FD00181DF7 /* Device */ = {
			isa = PBXGroup;
			children = (
				868E5EE31C9B2150001A68E6 /* DeviceManager.swift */,
				8619923F1CA5F40F00181DF7 /* Device.swift */,
			);
			name = Device;
			sourceTree = "<group>";
		};
		861992431CA5FDE600181DF7 /* Supporting Files */ = {
			isa = PBXGroup;
			children = (
				868E5EAE1C98E19D001A68E6 /* Info.plist */,
				864A09D21CA52C7600656F28 /* BatteryNotifier.entitlements */,
			);
			name = "Supporting Files";
			sourceTree = "<group>";
		};
		864A09BA1CA50D2900656F28 /* BatteryNotifier Widget */ = {
			isa = PBXGroup;
			children = (
				864A09BD1CA50D2900656F28 /* TodayViewController.swift */,
				864A09BF1CA50D2900656F28 /* ListRowViewController.swift */,
				864A09C11CA50D2900656F28 /* TodayViewController.xib */,
				864A09C41CA50D2900656F28 /* ListRowViewController.xib */,
				864A09C71CA50D2900656F28 /* Info.plist */,
				864A09C81CA50D2900656F28 /* InfoPlist.strings */,
				864A09BB1CA50D2900656F28 /* Supporting Files */,
			);
			path = "BatteryNotifier Widget";
			sourceTree = "<group>";
		};
		864A09BB1CA50D2900656F28 /* Supporting Files */ = {
			isa = PBXGroup;
			children = (
				864A09BC1CA50D2900656F28 /* BatteryNotifier_Widget.entitlements */,
			);
			name = "Supporting Files";
			sourceTree = "<group>";
		};
		8663680D2353FE4200E3D59A /* Extensions */ = {
			isa = PBXGroup;
			children = (
				8611A5C42354450700D956C6 /* Cocoa */,
				8611A5CA235448B600D956C6 /* Foundation */,
			);
			path = Extensions;
			sourceTree = "<group>";
		};
		868E5E991C98E19D001A68E6 = {
			isa = PBXGroup;
			children = (
				868E5EA41C98E19D001A68E6 /* iOS Battery Notifier */,
				864A09BA1CA50D2900656F28 /* BatteryNotifier Widget */,
				868E5EA91C98E19D001A68E6 /* Assets.xcassets */,
				868E5EB41C98E1E6001A68E6 /* Frameworks */,
				868E5EA31C98E19D001A68E6 /* Products */,
			);
			sourceTree = "<group>";
		};
		868E5EA31C98E19D001A68E6 /* Products */ = {
			isa = PBXGroup;
			children = (
				868E5EA21C98E19D001A68E6 /* BatteryNotifier.app */,
				864A09B71CA50D2900656F28 /* BatteryNotifier Widget.appex */,
			);
			name = Products;
			sourceTree = "<group>";
		};
		868E5EA41C98E19D001A68E6 /* iOS Battery Notifier */ = {
			isa = PBXGroup;
			children = (
				868E5EA51C98E19D001A68E6 /* AppDelegate.swift */,
				868E5EBB1C98E67C001A68E6 /* Controller */,
				86BB7DE61CA2121900EA3503 /* DarwinNotificationsManager */,
				8619923E1CA5F3FD00181DF7 /* Device */,
				8663680D2353FE4200E3D59A /* Extensions */,
				8611A5C52354460E00D956C6 /* Storyboard */,
				861992431CA5FDE600181DF7 /* Supporting Files */,
				868E5EBA1C98E676001A68E6 /* View */,
			);
			path = "iOS Battery Notifier";
			sourceTree = "<group>";
		};
		868E5EB41C98E1E6001A68E6 /* Frameworks */ = {
			isa = PBXGroup;
			children = (
				86BB7DE01CA1D3B200EA3503 /* SDMMobileDevice.framework */,
				864A09B81CA50D2900656F28 /* NotificationCenter.framework */,
			);
			name = Frameworks;
			sourceTree = "<group>";
		};
		868E5EBA1C98E676001A68E6 /* View */ = {
			isa = PBXGroup;
			children = (
				868E5EAB1C98E19D001A68E6 /* Main.storyboard */,
				860B0C9D1C9CD61000ED63B7 /* BatteryView.swift */,
				860B0CA11C9DD22E00ED63B7 /* NotifierMenu.swift */,
				86BB7DE41CA1E18100EA3503 /* DeviceMenuItem.swift */,
			);
			name = View;
			sourceTree = "<group>";
		};
		868E5EBB1C98E67C001A68E6 /* Controller */ = {
			isa = PBXGroup;
			children = (
				868E5EBD1C98E721001A68E6 /* StatusItemController.swift */,
				86FB9C0B1C9C83A4000330CD /* BatteryViewController.swift */,
				86549D661CA274BE00B7D5ED /* PreferencesController.swift */,
			);
			name = Controller;
			sourceTree = "<group>";
		};
		86BB7DE61CA2121900EA3503 /* DarwinNotificationsManager */ = {
			isa = PBXGroup;
			children = (
				86BB7DE81CA2124400EA3503 /* DarwinNotificationsManager.h */,
				86BB7DE91CA2124400EA3503 /* DarwinNotificationsManager.m */,
				86BB7DE71CA2124400EA3503 /* iOS Battery Notifier-Bridging-Header.h */,
			);
			name = DarwinNotificationsManager;
			sourceTree = "<group>";
		};
/* End PBXGroup section */

/* Begin PBXNativeTarget section */
		864A09B61CA50D2900656F28 /* BatteryNotifier Widget */ = {
			isa = PBXNativeTarget;
			buildConfigurationList = 864A09D01CA50D2900656F28 /* Build configuration list for PBXNativeTarget "BatteryNotifier Widget" */;
			buildPhases = (
				864A09B31CA50D2900656F28 /* Sources */,
				864A09B41CA50D2900656F28 /* Frameworks */,
				864A09B51CA50D2900656F28 /* Resources */,
			);
			buildRules = (
			);
			dependencies = (
			);
			name = "BatteryNotifier Widget";
			productName = "BatteryNotifier Widget";
			productReference = 864A09B71CA50D2900656F28 /* BatteryNotifier Widget.appex */;
			productType = "com.apple.product-type.app-extension";
		};
		868E5EA11C98E19D001A68E6 /* BatteryNotifier */ = {
			isa = PBXNativeTarget;
			buildConfigurationList = 868E5EB11C98E19D001A68E6 /* Build configuration list for PBXNativeTarget "BatteryNotifier" */;
			buildPhases = (
				868E5E9E1C98E19D001A68E6 /* Sources */,
				868E5E9F1C98E19D001A68E6 /* Frameworks */,
				868E5EA01C98E19D001A68E6 /* Resources */,
				86BB7DE21CA1D3E000EA3503 /* CopyFiles */,
				864A09D11CA50D2900656F28 /* Embed App Extensions */,
			);
			buildRules = (
			);
			dependencies = (
				864A09CC1CA50D2900656F28 /* PBXTargetDependency */,
			);
			name = BatteryNotifier;
			productName = "iOS Battery Notifier";
			productReference = 868E5EA21C98E19D001A68E6 /* BatteryNotifier.app */;
			productType = "com.apple.product-type.application";
		};
/* End PBXNativeTarget section */

/* Begin PBXProject section */
		868E5E9A1C98E19D001A68E6 /* Project object */ = {
			isa = PBXProject;
			attributes = {
				LastSwiftUpdateCheck = 0730;
				LastUpgradeCheck = 1110;
				ORGANIZATIONNAME = "Red Panda";
				TargetAttributes = {
					864A09B61CA50D2900656F28 = {
						CreatedOnToolsVersion = 7.3;
						DevelopmentTeam = N6A2S4TCDQ;
						ProvisioningStyle = Automatic;
						SystemCapabilities = {
							com.apple.ApplicationGroups.Mac = {
								enabled = 1;
							};
						};
					};
					868E5EA11C98E19D001A68E6 = {
						CreatedOnToolsVersion = 7.2.1;
						DevelopmentTeam = N6A2S4TCDQ;
						ProvisioningStyle = Automatic;
						SystemCapabilities = {
							com.apple.ApplicationGroups.Mac = {
								enabled = 1;
							};
						};
					};
				};
			};
			buildConfigurationList = 868E5E9D1C98E19D001A68E6 /* Build configuration list for PBXProject "iOS Battery Notifier" */;
			compatibilityVersion = "Xcode 3.2";
			developmentRegion = en;
			hasScannedForEncodings = 0;
			knownRegions = (
				en,
				Base,
			);
			mainGroup = 868E5E991C98E19D001A68E6;
			productRefGroup = 868E5EA31C98E19D001A68E6 /* Products */;
			projectDirPath = "";
			projectRoot = "";
			targets = (
				868E5EA11C98E19D001A68E6 /* BatteryNotifier */,
				864A09B61CA50D2900656F28 /* BatteryNotifier Widget */,
			);
		};
/* End PBXProject section */

/* Begin PBXResourcesBuildPhase section */
		864A09B51CA50D2900656F28 /* Resources */ = {
			isa = PBXResourcesBuildPhase;
			buildActionMask = 2147483647;
			files = (
				864A09C31CA50D2900656F28 /* TodayViewController.xib in Resources */,
				864A09CA1CA50D2900656F28 /* InfoPlist.strings in Resources */,
				864A09C61CA50D2900656F28 /* ListRowViewController.xib in Resources */,
				861992441CA6001700181DF7 /* Main.storyboard in Resources */,
				869200B91CA74569000F2E5E /* Assets.xcassets in Resources */,
			);
			runOnlyForDeploymentPostprocessing = 0;
		};
		868E5EA01C98E19D001A68E6 /* Resources */ = {
			isa = PBXResourcesBuildPhase;
			buildActionMask = 2147483647;
			files = (
				868E5EAA1C98E19D001A68E6 /* Assets.xcassets in Resources */,
				868E5EAD1C98E19D001A68E6 /* Main.storyboard in Resources */,
			);
			runOnlyForDeploymentPostprocessing = 0;
		};
/* End PBXResourcesBuildPhase section */

/* Begin PBXSourcesBuildPhase section */
		864A09B31CA50D2900656F28 /* Sources */ = {
			isa = PBXSourcesBuildPhase;
			buildActionMask = 2147483647;
			files = (
				8619923C1CA5F3E200181DF7 /* BatteryView.swift in Sources */,
				864A09BE1CA50D2900656F28 /* TodayViewController.swift in Sources */,
				866368102354000700E3D59A /* Notification.swift in Sources */,
				8619923D1CA5F3E900181DF7 /* BatteryViewController.swift in Sources */,
				8611A5C82354480D00D956C6 /* MainStoryboard.swift in Sources */,
				864A09C01CA50D2900656F28 /* ListRowViewController.swift in Sources */,
				861992411CA5F44000181DF7 /* Device.swift in Sources */,
				8611A5C92354487800D956C6 /* NSStoryboard.swift in Sources */,
			);
			runOnlyForDeploymentPostprocessing = 0;
		};
		868E5E9E1C98E19D001A68E6 /* Sources */ = {
			isa = PBXSourcesBuildPhase;
			buildActionMask = 2147483647;
			files = (
				86BB7DE51CA1E18100EA3503 /* DeviceMenuItem.swift in Sources */,
				86BB7DEA1CA2124400EA3503 /* DarwinNotificationsManager.m in Sources */,
				860B0CA21C9DD22E00ED63B7 /* NotifierMenu.swift in Sources */,
				86549D671CA274BE00B7D5ED /* PreferencesController.swift in Sources */,
				860B0C9E1C9CD61000ED63B7 /* BatteryView.swift in Sources */,
				8611A5C72354462300D956C6 /* MainStoryboard.swift in Sources */,
				868E5EE41C9B2150001A68E6 /* DeviceManager.swift in Sources */,
				868E5EBE1C98E721001A68E6 /* StatusItemController.swift in Sources */,
				8611A5C3235444FA00D956C6 /* NSStoryboard.swift in Sources */,
				86FB9C0C1C9C83A4000330CD /* BatteryViewController.swift in Sources */,
				8663680F2353FE7C00E3D59A /* Notification.swift in Sources */,
				868E5EA61C98E19D001A68E6 /* AppDelegate.swift in Sources */,
				861992401CA5F40F00181DF7 /* Device.swift in Sources */,
			);
			runOnlyForDeploymentPostprocessing = 0;
		};
/* End PBXSourcesBuildPhase section */

/* Begin PBXTargetDependency section */
		864A09CC1CA50D2900656F28 /* PBXTargetDependency */ = {
			isa = PBXTargetDependency;
			target = 864A09B61CA50D2900656F28 /* BatteryNotifier Widget */;
			targetProxy = 864A09CB1CA50D2900656F28 /* PBXContainerItemProxy */;
		};
/* End PBXTargetDependency section */

/* Begin PBXVariantGroup section */
		864A09C11CA50D2900656F28 /* TodayViewController.xib */ = {
			isa = PBXVariantGroup;
			children = (
				864A09C21CA50D2900656F28 /* Base */,
			);
			name = TodayViewController.xib;
			sourceTree = "<group>";
		};
		864A09C41CA50D2900656F28 /* ListRowViewController.xib */ = {
			isa = PBXVariantGroup;
			children = (
				864A09C51CA50D2900656F28 /* Base */,
			);
			name = ListRowViewController.xib;
			sourceTree = "<group>";
		};
		864A09C81CA50D2900656F28 /* InfoPlist.strings */ = {
			isa = PBXVariantGroup;
			children = (
				864A09C91CA50D2900656F28 /* en */,
			);
			name = InfoPlist.strings;
			sourceTree = "<group>";
		};
		868E5EAB1C98E19D001A68E6 /* Main.storyboard */ = {
			isa = PBXVariantGroup;
			children = (
				868E5EAC1C98E19D001A68E6 /* Base */,
			);
			name = Main.storyboard;
			sourceTree = "<group>";
		};
/* End PBXVariantGroup section */

/* Begin XCBuildConfiguration section */
		864A09CE1CA50D2900656F28 /* Debug */ = {
			isa = XCBuildConfiguration;
			buildSettings = {
				ASSETCATALOG_COMPILER_APPICON_NAME = AppIcon;
				CODE_SIGN_ENTITLEMENTS = "BatteryNotifier Widget/BatteryNotifier_Widget.entitlements";
				CODE_SIGN_IDENTITY = "Apple Development";
				CODE_SIGN_STYLE = Automatic;
				COMBINE_HIDPI_IMAGES = YES;
				DEVELOPMENT_TEAM = N6A2S4TCDQ;
				ENABLE_HARDENED_RUNTIME = YES;
				FRAMEWORK_SEARCH_PATHS = (
					"$(inherited)",
					"$(PROJECT_DIR)",
				);
				INFOPLIST_FILE = "BatteryNotifier Widget/Info.plist";
				LD_RUNPATH_SEARCH_PATHS = "$(inherited) @executable_path/../Frameworks @loader_path/../Frameworks";
				MACOSX_DEPLOYMENT_TARGET = 10.11;
				PRODUCT_BUNDLE_IDENTIFIER = "com.redpanda.BatteryNotifier.BatteryNotifier-Widget";
				PRODUCT_NAME = "$(TARGET_NAME)";
				PROVISIONING_PROFILE_SPECIFIER = "";
				SKIP_INSTALL = YES;
			};
			name = Debug;
		};
		864A09CF1CA50D2900656F28 /* Release */ = {
			isa = XCBuildConfiguration;
			buildSettings = {
				ASSETCATALOG_COMPILER_APPICON_NAME = AppIcon;
				CODE_SIGN_ENTITLEMENTS = "BatteryNotifier Widget/BatteryNotifier_Widget.entitlements";
				CODE_SIGN_IDENTITY = "Apple Development";
				CODE_SIGN_STYLE = Automatic;
				COMBINE_HIDPI_IMAGES = YES;
				DEVELOPMENT_TEAM = N6A2S4TCDQ;
				ENABLE_HARDENED_RUNTIME = YES;
				FRAMEWORK_SEARCH_PATHS = (
					"$(inherited)",
					"$(PROJECT_DIR)",
				);
				INFOPLIST_FILE = "BatteryNotifier Widget/Info.plist";
				LD_RUNPATH_SEARCH_PATHS = "$(inherited) @executable_path/../Frameworks @loader_path/../Frameworks";
				MACOSX_DEPLOYMENT_TARGET = 10.11;
				PRODUCT_BUNDLE_IDENTIFIER = "com.redpanda.BatteryNotifier.BatteryNotifier-Widget";
				PRODUCT_NAME = "$(TARGET_NAME)";
				PROVISIONING_PROFILE_SPECIFIER = "";
				SKIP_INSTALL = YES;
			};
			name = Release;
		};
		868E5EAF1C98E19D001A68E6 /* Debug */ = {
			isa = XCBuildConfiguration;
			buildSettings = {
				ALWAYS_SEARCH_USER_PATHS = NO;
				CLANG_ANALYZER_LOCALIZABILITY_NONLOCALIZED = YES;
				CLANG_ANALYZER_NONNULL = YES;
				CLANG_ENABLE_OBJC_ARC = YES;
				CLANG_WARN_BLOCK_CAPTURE_AUTORELEASING = YES;
				CLANG_WARN_BOOL_CONVERSION = YES;
				CLANG_WARN_COMMA = YES;
				CLANG_WARN_CONSTANT_CONVERSION = YES;
				CLANG_WARN_DEPRECATED_OBJC_IMPLEMENTATIONS = YES;
				CLANG_WARN_DIRECT_OBJC_ISA_USAGE = YES_ERROR;
				CLANG_WARN_EMPTY_BODY = YES;
				CLANG_WARN_ENUM_CONVERSION = YES;
				CLANG_WARN_INFINITE_RECURSION = YES;
				CLANG_WARN_INT_CONVERSION = YES;
				CLANG_WARN_NON_LITERAL_NULL_CONVERSION = YES;
				CLANG_WARN_OBJC_IMPLICIT_RETAIN_SELF = YES;
				CLANG_WARN_OBJC_LITERAL_CONVERSION = YES;
				CLANG_WARN_OBJC_ROOT_CLASS = YES_ERROR;
				CLANG_WARN_RANGE_LOOP_ANALYSIS = YES;
				CLANG_WARN_STRICT_PROTOTYPES = YES;
				CLANG_WARN_SUSPICIOUS_MOVE = YES;
				CLANG_WARN_UNREACHABLE_CODE = YES;
				CLANG_WARN__DUPLICATE_METHOD_MATCH = YES;
				CODE_SIGN_IDENTITY = "-";
				COPY_PHASE_STRIP = NO;
				DEBUG_INFORMATION_FORMAT = dwarf;
				ENABLE_STRICT_OBJC_MSGSEND = YES;
				ENABLE_TESTABILITY = YES;
				GCC_DYNAMIC_NO_PIC = NO;
				GCC_NO_COMMON_BLOCKS = YES;
				GCC_OPTIMIZATION_LEVEL = 0;
				GCC_PREPROCESSOR_DEFINITIONS = (
					"DEBUG=1",
					"$(inherited)",
				);
				GCC_WARN_64_TO_32_BIT_CONVERSION = YES;
				GCC_WARN_ABOUT_RETURN_TYPE = YES_ERROR;
				GCC_WARN_UNDECLARED_SELECTOR = YES;
				GCC_WARN_UNINITIALIZED_AUTOS = YES_AGGRESSIVE;
				GCC_WARN_UNUSED_FUNCTION = YES;
				GCC_WARN_UNUSED_VARIABLE = YES;
				MACOSX_DEPLOYMENT_TARGET = 10.10;
				MTL_ENABLE_DEBUG_INFO = YES;
				ONLY_ACTIVE_ARCH = YES;
				SDKROOT = macosx;
				SWIFT_OPTIMIZATION_LEVEL = "-Onone";
				SWIFT_VERSION = 5.0;
			};
			name = Debug;
		};
		868E5EB01C98E19D001A68E6 /* Release */ = {
			isa = XCBuildConfiguration;
			buildSettings = {
				ALWAYS_SEARCH_USER_PATHS = NO;
				CLANG_ANALYZER_LOCALIZABILITY_NONLOCALIZED = YES;
				CLANG_ANALYZER_NONNULL = YES;
				CLANG_ENABLE_OBJC_ARC = YES;
				CLANG_WARN_BLOCK_CAPTURE_AUTORELEASING = YES;
				CLANG_WARN_BOOL_CONVERSION = YES;
				CLANG_WARN_COMMA = YES;
				CLANG_WARN_CONSTANT_CONVERSION = YES;
				CLANG_WARN_DEPRECATED_OBJC_IMPLEMENTATIONS = YES;
				CLANG_WARN_DIRECT_OBJC_ISA_USAGE = YES_ERROR;
				CLANG_WARN_EMPTY_BODY = YES;
				CLANG_WARN_ENUM_CONVERSION = YES;
				CLANG_WARN_INFINITE_RECURSION = YES;
				CLANG_WARN_INT_CONVERSION = YES;
				CLANG_WARN_NON_LITERAL_NULL_CONVERSION = YES;
				CLANG_WARN_OBJC_IMPLICIT_RETAIN_SELF = YES;
				CLANG_WARN_OBJC_LITERAL_CONVERSION = YES;
				CLANG_WARN_OBJC_ROOT_CLASS = YES_ERROR;
				CLANG_WARN_RANGE_LOOP_ANALYSIS = YES;
				CLANG_WARN_STRICT_PROTOTYPES = YES;
				CLANG_WARN_SUSPICIOUS_MOVE = YES;
				CLANG_WARN_UNREACHABLE_CODE = YES;
				CLANG_WARN__DUPLICATE_METHOD_MATCH = YES;
				CODE_SIGN_IDENTITY = "-";
				COPY_PHASE_STRIP = NO;
				DEBUG_INFORMATION_FORMAT = "dwarf-with-dsym";
				ENABLE_NS_ASSERTIONS = NO;
				ENABLE_STRICT_OBJC_MSGSEND = YES;
				GCC_NO_COMMON_BLOCKS = YES;
				GCC_WARN_64_TO_32_BIT_CONVERSION = YES;
				GCC_WARN_ABOUT_RETURN_TYPE = YES_ERROR;
				GCC_WARN_UNDECLARED_SELECTOR = YES;
				GCC_WARN_UNINITIALIZED_AUTOS = YES_AGGRESSIVE;
				GCC_WARN_UNUSED_FUNCTION = YES;
				GCC_WARN_UNUSED_VARIABLE = YES;
				MACOSX_DEPLOYMENT_TARGET = 10.10;
				MTL_ENABLE_DEBUG_INFO = NO;
				SDKROOT = macosx;
				SWIFT_COMPILATION_MODE = wholemodule;
				SWIFT_VERSION = 5.0;
			};
			name = Release;
		};
		868E5EB21C98E19D001A68E6 /* Debug */ = {
			isa = XCBuildConfiguration;
			buildSettings = {
				ASSETCATALOG_COMPILER_APPICON_NAME = AppIcon;
				CODE_SIGN_ENTITLEMENTS = BatteryNotifier.entitlements;
				CODE_SIGN_IDENTITY = "Apple Development";
				CODE_SIGN_STYLE = Automatic;
				COMBINE_HIDPI_IMAGES = YES;
				FRAMEWORK_SEARCH_PATHS = (
					"$(inherited)",
					"$(PROJECT_DIR)",
				);
				INFOPLIST_FILE = "iOS Battery Notifier/Info.plist";
				LD_RUNPATH_SEARCH_PATHS = "$(inherited) @executable_path/../Frameworks @loader_path/../Frameworks";
				MACOSX_DEPLOYMENT_TARGET = 10.10;
				PRODUCT_BUNDLE_IDENTIFIER = com.redpanda.BatteryNotifier;
				PRODUCT_NAME = "$(TARGET_NAME)";
				PROVISIONING_PROFILE_SPECIFIER = "";
				SWIFT_OBJC_BRIDGING_HEADER = "iOS Battery Notifier/iOS Battery Notifier-Bridging-Header.h";
			};
			name = Debug;
		};
		868E5EB31C98E19D001A68E6 /* Release */ = {
			isa = XCBuildConfiguration;
			buildSettings = {
				ASSETCATALOG_COMPILER_APPICON_NAME = AppIcon;
				CODE_SIGN_ENTITLEMENTS = BatteryNotifier.entitlements;
				CODE_SIGN_IDENTITY = "Apple Development";
				CODE_SIGN_STYLE = Automatic;
				COMBINE_HIDPI_IMAGES = YES;
				FRAMEWORK_SEARCH_PATHS = (
					"$(inherited)",
					"$(PROJECT_DIR)",
				);
				INFOPLIST_FILE = "iOS Battery Notifier/Info.plist";
				LD_RUNPATH_SEARCH_PATHS = "$(inherited) @executable_path/../Frameworks @loader_path/../Frameworks";
				MACOSX_DEPLOYMENT_TARGET = 10.10;
				PRODUCT_BUNDLE_IDENTIFIER = com.redpanda.BatteryNotifier;
				PRODUCT_NAME = "$(TARGET_NAME)";
				PROVISIONING_PROFILE_SPECIFIER = "";
				SWIFT_OBJC_BRIDGING_HEADER = "iOS Battery Notifier/iOS Battery Notifier-Bridging-Header.h";
			};
			name = Release;
		};
/* End XCBuildConfiguration section */

/* Begin XCConfigurationList section */
		864A09D01CA50D2900656F28 /* Build configuration list for PBXNativeTarget "BatteryNotifier Widget" */ = {
			isa = XCConfigurationList;
			buildConfigurations = (
				864A09CE1CA50D2900656F28 /* Debug */,
				864A09CF1CA50D2900656F28 /* Release */,
			);
			defaultConfigurationIsVisible = 0;
			defaultConfigurationName = Release;
		};
		868E5E9D1C98E19D001A68E6 /* Build configuration list for PBXProject "iOS Battery Notifier" */ = {
			isa = XCConfigurationList;
			buildConfigurations = (
				868E5EAF1C98E19D001A68E6 /* Debug */,
				868E5EB01C98E19D001A68E6 /* Release */,
			);
			defaultConfigurationIsVisible = 0;
			defaultConfigurationName = Release;
		};
		868E5EB11C98E19D001A68E6 /* Build configuration list for PBXNativeTarget "BatteryNotifier" */ = {
			isa = XCConfigurationList;
			buildConfigurations = (
				868E5EB21C98E19D001A68E6 /* Debug */,
				868E5EB31C98E19D001A68E6 /* Release */,
			);
			defaultConfigurationIsVisible = 0;
			defaultConfigurationName = Release;
		};
/* End XCConfigurationList section */
	};
	rootObject = 868E5E9A1C98E19D001A68E6 /* Project object */;
}
